
Microsoft Visual Studio Solution File, Format Version 12.00
# Visual Studio Version 17
VisualStudioVersion = 17.3.32901.215
MinimumVisualStudioVersion = 10.0.40219.1
Project("{9A19103F-16F7-4668-BE54-9A1E7A4F7556}") = "Entities", "Entity\Entities.csproj", "{3F04C098-E346-418B-B566-F0B532FF4844}"
EndProject
Project("{9A19103F-16F7-4668-BE54-9A1E7A4F7556}") = "DataAccess", "DataAccess\DataAccess.csproj", "{780378CD-AC37-443A-BAAC-DAD3E1B8E958}"
EndProject
Project("{9A19103F-16F7-4668-BE54-9A1E7A4F7556}") = "Business", "Business\Business.csproj", "{7D4922B3-51E1-489B-BAD3-0AC8545E367D}"
EndProject
Project("{9A19103F-16F7-4668-BE54-9A1E7A4F7556}") = "ConsoleUI", "ConcoleUI\ConsoleUI.csproj", "{67F2B095-0256-417C-9512-6893D525C91B}"
EndProject
Project("{9A19103F-16F7-4668-BE54-9A1E7A4F7556}") = "Core", "Core\Core.csproj", "{CE08AA03-CBF5-4508-BBE3-95B9277F4AF0}"
EndProject
Project("{FAE04EC0-301F-11D3-BF4B-00C04F79EFBC}") = "WebAPI", "WebAPI\WebAPI.csproj", "{95077A63-3602-46A3-A481-6BB2A87F46DF}"
EndProject
Global
	GlobalSection(SolutionConfigurationPlatforms) = preSolution
		Debug|Any CPU = Debug|Any CPU
		Release|Any CPU = Release|Any CPU
	EndGlobalSection
	GlobalSection(ProjectConfigurationPlatforms) = postSolution
		{3F04C098-E346-418B-B566-F0B532FF4844}.Debug|Any CPU.ActiveCfg = Debug|Any CPU
		{3F04C098-E346-418B-B566-F0B532FF4844}.Debug|Any CPU.Build.0 = Debug|Any CPU
		{3F04C098-E346-418B-B566-F0B532FF4844}.Release|Any CPU.ActiveCfg = Release|Any CPU
		{3F04C098-E346-418B-B566-F0B532FF4844}.Release|Any CPU.Build.0 = Release|Any CPU
		{780378CD-AC37-443A-BAAC-DAD3E1B8E958}.Debug|Any CPU.ActiveCfg = Debug|Any CPU
		{780378CD-AC37-443A-BAAC-DAD3E1B8E958}.Debug|Any CPU.Build.0 = Debug|Any CPU
		{780378CD-AC37-443A-BAAC-DAD3E1B8E958}.Release|Any CPU.ActiveCfg = Release|Any CPU
		{780378CD-AC37-443A-BAAC-DAD3E1B8E958}.Release|Any CPU.Build.0 = Release|Any CPU
		{7D4922B3-51E1-489B-BAD3-0AC8545E367D}.Debug|Any CPU.ActiveCfg = Debug|Any CPU
		{7D4922B3-51E1-489B-BAD3-0AC8545E367D}.Debug|Any CPU.Build.0 = Debug|Any CPU
		{7D4922B3-51E1-489B-BAD3-0AC8545E367D}.Release|Any CPU.ActiveCfg = Release|Any CPU
		{7D4922B3-51E1-489B-BAD3-0AC8545E367D}.Release|Any CPU.Build.0 = Release|Any CPU
		{67F2B095-0256-417C-9512-6893D525C91B}.Debug|Any CPU.ActiveCfg = Debug|Any CPU
		{67F2B095-0256-417C-9512-6893D525C91B}.Debug|Any CPU.Build.0 = Debug|Any CPU
		{67F2B095-0256-417C-9512-6893D525C91B}.Release|Any CPU.ActiveCfg = Release|Any CPU
		{67F2B095-0256-417C-9512-6893D525C91B}.Release|Any CPU.Build.0 = Release|Any CPU
		{CE08AA03-CBF5-4508-BBE3-95B9277F4AF0}.Debug|Any CPU.ActiveCfg = Debug|Any CPU
		{CE08AA03-CBF5-4508-BBE3-95B9277F4AF0}.Debug|Any CPU.Build.0 = Debug|Any CPU
		{CE08AA03-CBF5-4508-BBE3-95B9277F4AF0}.Release|Any CPU.ActiveCfg = Release|Any CPU
		{CE08AA03-CBF5-4508-BBE3-95B9277F4AF0}.Release|Any CPU.Build.0 = Release|Any CPU
		{95077A63-3602-46A3-A481-6BB2A87F46DF}.Debug|Any CPU.ActiveCfg = Debug|Any CPU
		{95077A63-3602-46A3-A481-6BB2A87F46DF}.Debug|Any CPU.Build.0 = Debug|Any CPU
		{95077A63-3602-46A3-A481-6BB2A87F46DF}.Release|Any CPU.ActiveCfg = Release|Any CPU
		{95077A63-3602-46A3-A481-6BB2A87F46DF}.Release|Any CPU.Build.0 = Release|Any CPU
	EndGlobalSection
	GlobalSection(SolutionProperties) = preSolution
		HideSolutionNode = FALSE
	EndGlobalSection
	GlobalSection(ExtensibilityGlobals) = postSolution
		SolutionGuid = {7BDB3C4F-ECEF-413A-AE86-D4B1C45681C7}
	EndGlobalSection
EndGlobal
